
Microsoft Visual Studio Solution File, Format Version 12.00
# Visual Studio Version 16
VisualStudioVersion = 16.0.30011.22
MinimumVisualStudioVersion = 10.0.40219.1
Project("{FAE04EC0-301F-11D3-BF4B-00C04F79EFBC}") = "EmExpressProject", "EmExpressProject\EmExpressProject.csproj", "{3D3CF6E0-2FA9-4866-8450-7F0875C2BBC5}"
EndProject
Global
	GlobalSection(SolutionConfigurationPlatforms) = preSolution
		Debug|Any CPU = Debug|Any CPU
		Release|Any CPU = Release|Any CPU
	EndGlobalSection
	GlobalSection(ProjectConfigurationPlatforms) = postSolution
		{3D3CF6E0-2FA9-4866-8450-7F0875C2BBC5}.Debug|Any CPU.ActiveCfg = Debug|Any CPU
		{3D3CF6E0-2FA9-4866-8450-7F0875C2BBC5}.Debug|Any CPU.Build.0 = Debug|Any CPU
		{3D3CF6E0-2FA9-4866-8450-7F0875C2BBC5}.Release|Any CPU.ActiveCfg = Release|Any CPU
		{3D3CF6E0-2FA9-4866-8450-7F0875C2BBC5}.Release|Any CPU.Build.0 = Release|Any CPU
	EndGlobalSection
	GlobalSection(SolutionProperties) = preSolution
		HideSolutionNode = FALSE
	EndGlobalSection
	GlobalSection(ExtensibilityGlobals) = postSolution
		SolutionGuid = {86620B30-CCD7-4F71-8C35-76175A1C0960}
	EndGlobalSection
EndGlobal
